
Microsoft Visual Studio Solution File, Format Version 12.00
# Visual Studio Version 17
VisualStudioVersion = 17.0.31903.59
MinimumVisualStudioVersion = 10.0.40219.1
Project("{2150E333-8FDC-42A3-9474-1A3956D46DE8}") = "src", "src", "{827E0CD3-B72D-47B6-A68D-7590B98EB39B}"
EndProject
Project("{FAE04EC0-301F-11D3-BF4B-00C04F79EFBC}") = "Peoplise.SharedKernel", "src\Peoplise.SharedKernel\Peoplise.SharedKernel.csproj", "{A21E7F25-BF22-43D9-B1E3-31A200C5D9FF}"
EndProject
Project("{FAE04EC0-301F-11D3-BF4B-00C04F79EFBC}") = "Peoplise.Infrastructure", "src\Peoplise.Infrastructure\Peoplise.Infrastructure.csproj", "{F3D866AE-B993-4268-94B6-C23AAB912085}"
EndProject
Project("{FAE04EC0-301F-11D3-BF4B-00C04F79EFBC}") = "Peoplise.Api", "src\Peoplise.Api\Peoplise.Api.csproj", "{2D559E36-682B-4F64-B775-D41F8CD27CB8}"
EndProject
Project("{FAE04EC0-301F-11D3-BF4B-00C04F79EFBC}") = "Peoplise.Modules.ATS", "src\Peoplise.Modules.ATS\Peoplise.Modules.ATS.csproj", "{D81BF889-89FB-4BAB-BE8A-DAEE326D963D}"
EndProject
Project("{FAE04EC0-301F-11D3-BF4B-00C04F79EFBC}") = "Peoplise.Modules.HrBot", "src\Peoplise.Modules.HrBot\Peoplise.Modules.HrBot.csproj", "{90669AAE-8A75-4F84-AE1E-357669E95569}"
EndProject
Project("{FAE04EC0-301F-11D3-BF4B-00C04F79EFBC}") = "Peoplise.Modules.VideoInterview", "src\Peoplise.Modules.VideoInterview\Peoplise.Modules.VideoInterview.csproj", "{BDC291C1-1F1E-4951-9865-BD3AB1413E70}"
EndProject
Project("{FAE04EC0-301F-11D3-BF4B-00C04F79EFBC}") = "Peoplise.SharedKernel.Tests", "tests\Peoplise.SharedKernel.Tests\Peoplise.SharedKernel.Tests.csproj", "{14ECC14E-443E-4BEE-BC86-9A70D0A362C8}"
EndProject
Project("{FAE04EC0-301F-11D3-BF4B-00C04F79EFBC}") = "Peoplise.Infrastructure.Tests", "tests\Peoplise.Infrastructure.Tests\Peoplise.Infrastructure.Tests.csproj", "{A55CD3CF-97AC-4659-8F96-5A389C37A185}"
EndProject
Project("{2150E333-8FDC-42A3-9474-1A3956D46DE8}") = "tests", "tests", "{0AB3BF05-4346-4AA6-1389-037BE0695223}"
EndProject
Project("{FAE04EC0-301F-11D3-BF4B-00C04F79EFBC}") = "Peoplise.Modules.ATS.Tests", "tests\Peoplise.Modules.ATS.Tests\Peoplise.Modules.ATS.Tests.csproj", "{63264AF6-F1AC-47BB-8C46-4B38531797AB}"
EndProject
Project("{FAE04EC0-301F-11D3-BF4B-00C04F79EFBC}") = "Peoplise.Modules.HrBot.Tests", "tests\Peoplise.Modules.HrBot.Tests\Peoplise.Modules.HrBot.Tests.csproj", "{D8EDAD81-0DF6-421F-8C3E-5E8C038C0873}"
EndProject
Global
	GlobalSection(SolutionConfigurationPlatforms) = preSolution
		Debug|Any CPU = Debug|Any CPU
		Debug|x64 = Debug|x64
		Debug|x86 = Debug|x86
		Release|Any CPU = Release|Any CPU
		Release|x64 = Release|x64
		Release|x86 = Release|x86
	EndGlobalSection
	GlobalSection(ProjectConfigurationPlatforms) = postSolution
		{A21E7F25-BF22-43D9-B1E3-31A200C5D9FF}.Debug|Any CPU.ActiveCfg = Debug|Any CPU
		{A21E7F25-BF22-43D9-B1E3-31A200C5D9FF}.Debug|Any CPU.Build.0 = Debug|Any CPU
		{A21E7F25-BF22-43D9-B1E3-31A200C5D9FF}.Debug|x64.ActiveCfg = Debug|Any CPU
		{A21E7F25-BF22-43D9-B1E3-31A200C5D9FF}.Debug|x64.Build.0 = Debug|Any CPU
		{A21E7F25-BF22-43D9-B1E3-31A200C5D9FF}.Debug|x86.ActiveCfg = Debug|Any CPU
		{A21E7F25-BF22-43D9-B1E3-31A200C5D9FF}.Debug|x86.Build.0 = Debug|Any CPU
		{A21E7F25-BF22-43D9-B1E3-31A200C5D9FF}.Release|Any CPU.ActiveCfg = Release|Any CPU
		{A21E7F25-BF22-43D9-B1E3-31A200C5D9FF}.Release|Any CPU.Build.0 = Release|Any CPU
		{A21E7F25-BF22-43D9-B1E3-31A200C5D9FF}.Release|x64.ActiveCfg = Release|Any CPU
		{A21E7F25-BF22-43D9-B1E3-31A200C5D9FF}.Release|x64.Build.0 = Release|Any CPU
		{A21E7F25-BF22-43D9-B1E3-31A200C5D9FF}.Release|x86.ActiveCfg = Release|Any CPU
		{A21E7F25-BF22-43D9-B1E3-31A200C5D9FF}.Release|x86.Build.0 = Release|Any CPU
		{F3D866AE-B993-4268-94B6-C23AAB912085}.Debug|Any CPU.ActiveCfg = Debug|Any CPU
		{F3D866AE-B993-4268-94B6-C23AAB912085}.Debug|Any CPU.Build.0 = Debug|Any CPU
		{F3D866AE-B993-4268-94B6-C23AAB912085}.Debug|x64.ActiveCfg = Debug|Any CPU
		{F3D866AE-B993-4268-94B6-C23AAB912085}.Debug|x64.Build.0 = Debug|Any CPU
		{F3D866AE-B993-4268-94B6-C23AAB912085}.Debug|x86.ActiveCfg = Debug|Any CPU
		{F3D866AE-B993-4268-94B6-C23AAB912085}.Debug|x86.Build.0 = Debug|Any CPU
		{F3D866AE-B993-4268-94B6-C23AAB912085}.Release|Any CPU.ActiveCfg = Release|Any CPU
		{F3D866AE-B993-4268-94B6-C23AAB912085}.Release|Any CPU.Build.0 = Release|Any CPU
		{F3D866AE-B993-4268-94B6-C23AAB912085}.Release|x64.ActiveCfg = Release|Any CPU
		{F3D866AE-B993-4268-94B6-C23AAB912085}.Release|x64.Build.0 = Release|Any CPU
		{F3D866AE-B993-4268-94B6-C23AAB912085}.Release|x86.ActiveCfg = Release|Any CPU
		{F3D866AE-B993-4268-94B6-C23AAB912085}.Release|x86.Build.0 = Release|Any CPU
		{2D559E36-682B-4F64-B775-D41F8CD27CB8}.Debug|Any CPU.ActiveCfg = Debug|Any CPU
		{2D559E36-682B-4F64-B775-D41F8CD27CB8}.Debug|Any CPU.Build.0 = Debug|Any CPU
		{2D559E36-682B-4F64-B775-D41F8CD27CB8}.Debug|x64.ActiveCfg = Debug|Any CPU
		{2D559E36-682B-4F64-B775-D41F8CD27CB8}.Debug|x64.Build.0 = Debug|Any CPU
		{2D559E36-682B-4F64-B775-D41F8CD27CB8}.Debug|x86.ActiveCfg = Debug|Any CPU
		{2D559E36-682B-4F64-B775-D41F8CD27CB8}.Debug|x86.Build.0 = Debug|Any CPU
		{2D559E36-682B-4F64-B775-D41F8CD27CB8}.Release|Any CPU.ActiveCfg = Release|Any CPU
		{2D559E36-682B-4F64-B775-D41F8CD27CB8}.Release|Any CPU.Build.0 = Release|Any CPU
		{2D559E36-682B-4F64-B775-D41F8CD27CB8}.Release|x64.ActiveCfg = Release|Any CPU
		{2D559E36-682B-4F64-B775-D41F8CD27CB8}.Release|x64.Build.0 = Release|Any CPU
		{2D559E36-682B-4F64-B775-D41F8CD27CB8}.Release|x86.ActiveCfg = Release|Any CPU
		{2D559E36-682B-4F64-B775-D41F8CD27CB8}.Release|x86.Build.0 = Release|Any CPU
		{D81BF889-89FB-4BAB-BE8A-DAEE326D963D}.Debug|Any CPU.ActiveCfg = Debug|Any CPU
		{D81BF889-89FB-4BAB-BE8A-DAEE326D963D}.Debug|Any CPU.Build.0 = Debug|Any CPU
		{D81BF889-89FB-4BAB-BE8A-DAEE326D963D}.Debug|x64.ActiveCfg = Debug|Any CPU
		{D81BF889-89FB-4BAB-BE8A-DAEE326D963D}.Debug|x64.Build.0 = Debug|Any CPU
		{D81BF889-89FB-4BAB-BE8A-DAEE326D963D}.Debug|x86.ActiveCfg = Debug|Any CPU
		{D81BF889-89FB-4BAB-BE8A-DAEE326D963D}.Debug|x86.Build.0 = Debug|Any CPU
		{D81BF889-89FB-4BAB-BE8A-DAEE326D963D}.Release|Any CPU.ActiveCfg = Release|Any CPU
		{D81BF889-89FB-4BAB-BE8A-DAEE326D963D}.Release|Any CPU.Build.0 = Release|Any CPU
		{D81BF889-89FB-4BAB-BE8A-DAEE326D963D}.Release|x64.ActiveCfg = Release|Any CPU
		{D81BF889-89FB-4BAB-BE8A-DAEE326D963D}.Release|x64.Build.0 = Release|Any CPU
		{D81BF889-89FB-4BAB-BE8A-DAEE326D963D}.Release|x86.ActiveCfg = Release|Any CPU
		{D81BF889-89FB-4BAB-BE8A-DAEE326D963D}.Release|x86.Build.0 = Release|Any CPU
		{90669AAE-8A75-4F84-AE1E-357669E95569}.Debug|Any CPU.ActiveCfg = Debug|Any CPU
		{90669AAE-8A75-4F84-AE1E-357669E95569}.Debug|Any CPU.Build.0 = Debug|Any CPU
		{90669AAE-8A75-4F84-AE1E-357669E95569}.Debug|x64.ActiveCfg = Debug|Any CPU
		{90669AAE-8A75-4F84-AE1E-357669E95569}.Debug|x64.Build.0 = Debug|Any CPU
		{90669AAE-8A75-4F84-AE1E-357669E95569}.Debug|x86.ActiveCfg = Debug|Any CPU
		{90669AAE-8A75-4F84-AE1E-357669E95569}.Debug|x86.Build.0 = Debug|Any CPU
		{90669AAE-8A75-4F84-AE1E-357669E95569}.Release|Any CPU.ActiveCfg = Release|Any CPU
		{90669AAE-8A75-4F84-AE1E-357669E95569}.Release|Any CPU.Build.0 = Release|Any CPU
		{90669AAE-8A75-4F84-AE1E-357669E95569}.Release|x64.ActiveCfg = Release|Any CPU
		{90669AAE-8A75-4F84-AE1E-357669E95569}.Release|x64.Build.0 = Release|Any CPU
		{90669AAE-8A75-4F84-AE1E-357669E95569}.Release|x86.ActiveCfg = Release|Any CPU
		{90669AAE-8A75-4F84-AE1E-357669E95569}.Release|x86.Build.0 = Release|Any CPU
		{BDC291C1-1F1E-4951-9865-BD3AB1413E70}.Debug|Any CPU.ActiveCfg = Debug|Any CPU
		{BDC291C1-1F1E-4951-9865-BD3AB1413E70}.Debug|Any CPU.Build.0 = Debug|Any CPU
		{BDC291C1-1F1E-4951-9865-BD3AB1413E70}.Debug|x64.ActiveCfg = Debug|Any CPU
		{BDC291C1-1F1E-4951-9865-BD3AB1413E70}.Debug|x64.Build.0 = Debug|Any CPU
		{BDC291C1-1F1E-4951-9865-BD3AB1413E70}.Debug|x86.ActiveCfg = Debug|Any CPU
		{BDC291C1-1F1E-4951-9865-BD3AB1413E70}.Debug|x86.Build.0 = Debug|Any CPU
		{BDC291C1-1F1E-4951-9865-BD3AB1413E70}.Release|Any CPU.ActiveCfg = Release|Any CPU
		{BDC291C1-1F1E-4951-9865-BD3AB1413E70}.Release|Any CPU.Build.0 = Release|Any CPU
		{BDC291C1-1F1E-4951-9865-BD3AB1413E70}.Release|x64.ActiveCfg = Release|Any CPU
		{BDC291C1-1F1E-4951-9865-BD3AB1413E70}.Release|x64.Build.0 = Release|Any CPU
		{BDC291C1-1F1E-4951-9865-BD3AB1413E70}.Release|x86.ActiveCfg = Release|Any CPU
		{BDC291C1-1F1E-4951-9865-BD3AB1413E70}.Release|x86.Build.0 = Release|Any CPU
		{14ECC14E-443E-4BEE-BC86-9A70D0A362C8}.Debug|Any CPU.ActiveCfg = Debug|Any CPU
		{14ECC14E-443E-4BEE-BC86-9A70D0A362C8}.Debug|Any CPU.Build.0 = Debug|Any CPU
		{14ECC14E-443E-4BEE-BC86-9A70D0A362C8}.Debug|x64.ActiveCfg = Debug|Any CPU
		{14ECC14E-443E-4BEE-BC86-9A70D0A362C8}.Debug|x64.Build.0 = Debug|Any CPU
		{14ECC14E-443E-4BEE-BC86-9A70D0A362C8}.Debug|x86.ActiveCfg = Debug|Any CPU
		{14ECC14E-443E-4BEE-BC86-9A70D0A362C8}.Debug|x86.Build.0 = Debug|Any CPU
		{14ECC14E-443E-4BEE-BC86-9A70D0A362C8}.Release|Any CPU.ActiveCfg = Release|Any CPU
		{14ECC14E-443E-4BEE-BC86-9A70D0A362C8}.Release|Any CPU.Build.0 = Release|Any CPU
		{14ECC14E-443E-4BEE-BC86-9A70D0A362C8}.Release|x64.ActiveCfg = Release|Any CPU
		{14ECC14E-443E-4BEE-BC86-9A70D0A362C8}.Release|x64.Build.0 = Release|Any CPU
		{14ECC14E-443E-4BEE-BC86-9A70D0A362C8}.Release|x86.ActiveCfg = Release|Any CPU
		{14ECC14E-443E-4BEE-BC86-9A70D0A362C8}.Release|x86.Build.0 = Release|Any CPU
		{A55CD3CF-97AC-4659-8F96-5A389C37A185}.Debug|Any CPU.ActiveCfg = Debug|Any CPU
		{A55CD3CF-97AC-4659-8F96-5A389C37A185}.Debug|Any CPU.Build.0 = Debug|Any CPU
		{A55CD3CF-97AC-4659-8F96-5A389C37A185}.Debug|x64.ActiveCfg = Debug|Any CPU
		{A55CD3CF-97AC-4659-8F96-5A389C37A185}.Debug|x64.Build.0 = Debug|Any CPU
		{A55CD3CF-97AC-4659-8F96-5A389C37A185}.Debug|x86.ActiveCfg = Debug|Any CPU
		{A55CD3CF-97AC-4659-8F96-5A389C37A185}.Debug|x86.Build.0 = Debug|Any CPU
		{A55CD3CF-97AC-4659-8F96-5A389C37A185}.Release|Any CPU.ActiveCfg = Release|Any CPU
		{A55CD3CF-97AC-4659-8F96-5A389C37A185}.Release|Any CPU.Build.0 = Release|Any CPU
		{A55CD3CF-97AC-4659-8F96-5A389C37A185}.Release|x64.ActiveCfg = Release|Any CPU
		{A55CD3CF-97AC-4659-8F96-5A389C37A185}.Release|x64.Build.0 = Release|Any CPU
		{A55CD3CF-97AC-4659-8F96-5A389C37A185}.Release|x86.ActiveCfg = Release|Any CPU
		{A55CD3CF-97AC-4659-8F96-5A389C37A185}.Release|x86.Build.0 = Release|Any CPU
		{63264AF6-F1AC-47BB-8C46-4B38531797AB}.Debug|Any CPU.ActiveCfg = Debug|Any CPU
		{63264AF6-F1AC-47BB-8C46-4B38531797AB}.Debug|Any CPU.Build.0 = Debug|Any CPU
		{63264AF6-F1AC-47BB-8C46-4B38531797AB}.Debug|x64.ActiveCfg = Debug|Any CPU
		{63264AF6-F1AC-47BB-8C46-4B38531797AB}.Debug|x64.Build.0 = Debug|Any CPU
		{63264AF6-F1AC-47BB-8C46-4B38531797AB}.Debug|x86.ActiveCfg = Debug|Any CPU
		{63264AF6-F1AC-47BB-8C46-4B38531797AB}.Debug|x86.Build.0 = Debug|Any CPU
		{63264AF6-F1AC-47BB-8C46-4B38531797AB}.Release|Any CPU.ActiveCfg = Release|Any CPU
		{63264AF6-F1AC-47BB-8C46-4B38531797AB}.Release|Any CPU.Build.0 = Release|Any CPU
		{63264AF6-F1AC-47BB-8C46-4B38531797AB}.Release|x64.ActiveCfg = Release|Any CPU
		{63264AF6-F1AC-47BB-8C46-4B38531797AB}.Release|x64.Build.0 = Release|Any CPU
		{63264AF6-F1AC-47BB-8C46-4B38531797AB}.Release|x86.ActiveCfg = Release|Any CPU
		{63264AF6-F1AC-47BB-8C46-4B38531797AB}.Release|x86.Build.0 = Release|Any CPU
		{D8EDAD81-0DF6-421F-8C3E-5E8C038C0873}.Debug|Any CPU.ActiveCfg = Debug|Any CPU
		{D8EDAD81-0DF6-421F-8C3E-5E8C038C0873}.Debug|Any CPU.Build.0 = Debug|Any CPU
		{D8EDAD81-0DF6-421F-8C3E-5E8C038C0873}.Debug|x64.ActiveCfg = Debug|Any CPU
		{D8EDAD81-0DF6-421F-8C3E-5E8C038C0873}.Debug|x64.Build.0 = Debug|Any CPU
		{D8EDAD81-0DF6-421F-8C3E-5E8C038C0873}.Debug|x86.ActiveCfg = Debug|Any CPU
		{D8EDAD81-0DF6-421F-8C3E-5E8C038C0873}.Debug|x86.Build.0 = Debug|Any CPU
		{D8EDAD81-0DF6-421F-8C3E-5E8C038C0873}.Release|Any CPU.ActiveCfg = Release|Any CPU
		{D8EDAD81-0DF6-421F-8C3E-5E8C038C0873}.Release|Any CPU.Build.0 = Release|Any CPU
		{D8EDAD81-0DF6-421F-8C3E-5E8C038C0873}.Release|x64.ActiveCfg = Release|Any CPU
		{D8EDAD81-0DF6-421F-8C3E-5E8C038C0873}.Release|x64.Build.0 = Release|Any CPU
		{D8EDAD81-0DF6-421F-8C3E-5E8C038C0873}.Release|x86.ActiveCfg = Release|Any CPU
		{D8EDAD81-0DF6-421F-8C3E-5E8C038C0873}.Release|x86.Build.0 = Release|Any CPU
	EndGlobalSection
	GlobalSection(SolutionProperties) = preSolution
		HideSolutionNode = FALSE
	EndGlobalSection
	GlobalSection(NestedProjects) = preSolution
		{A21E7F25-BF22-43D9-B1E3-31A200C5D9FF} = {827E0CD3-B72D-47B6-A68D-7590B98EB39B}
		{F3D866AE-B993-4268-94B6-C23AAB912085} = {827E0CD3-B72D-47B6-A68D-7590B98EB39B}
		{2D559E36-682B-4F64-B775-D41F8CD27CB8} = {827E0CD3-B72D-47B6-A68D-7590B98EB39B}
		{D81BF889-89FB-4BAB-BE8A-DAEE326D963D} = {827E0CD3-B72D-47B6-A68D-7590B98EB39B}
		{90669AAE-8A75-4F84-AE1E-357669E95569} = {827E0CD3-B72D-47B6-A68D-7590B98EB39B}
		{BDC291C1-1F1E-4951-9865-BD3AB1413E70} = {827E0CD3-B72D-47B6-A68D-7590B98EB39B}
		{14ECC14E-443E-4BEE-BC86-9A70D0A362C8} = {827E0CD3-B72D-47B6-A68D-7590B98EB39B}
		{A55CD3CF-97AC-4659-8F96-5A389C37A185} = {827E0CD3-B72D-47B6-A68D-7590B98EB39B}
		{63264AF6-F1AC-47BB-8C46-4B38531797AB} = {0AB3BF05-4346-4AA6-1389-037BE0695223}
		{D8EDAD81-0DF6-421F-8C3E-5E8C038C0873} = {0AB3BF05-4346-4AA6-1389-037BE0695223}
	EndGlobalSection
EndGlobal
